
Microsoft Visual Studio Solution File, Format Version 12.00
# Visual Studio Version 17
VisualStudioVersion = 17.11.35327.3
MinimumVisualStudioVersion = 10.0.40219.1
Project("{FAE04EC0-301F-11D3-BF4B-00C04F79EFBC}") = "Dolha_Stefania_Lab1", "Dolha_Stefania_Lab1.csproj", "{2A270F35-6B41-48D0-BAAA-D2DF799D8949}"
EndProject
Global
	GlobalSection(SolutionConfigurationPlatforms) = preSolution
		Debug|Any CPU = Debug|Any CPU
		Release|Any CPU = Release|Any CPU
	EndGlobalSection
	GlobalSection(ProjectConfigurationPlatforms) = postSolution
		{2A270F35-6B41-48D0-BAAA-D2DF799D8949}.Debug|Any CPU.ActiveCfg = Debug|Any CPU
		{2A270F35-6B41-48D0-BAAA-D2DF799D8949}.Debug|Any CPU.Build.0 = Debug|Any CPU
		{2A270F35-6B41-48D0-BAAA-D2DF799D8949}.Release|Any CPU.ActiveCfg = Release|Any CPU
		{2A270F35-6B41-48D0-BAAA-D2DF799D8949}.Release|Any CPU.Build.0 = Release|Any CPU
	EndGlobalSection
	GlobalSection(SolutionProperties) = preSolution
		HideSolutionNode = FALSE
	EndGlobalSection
	GlobalSection(ExtensibilityGlobals) = postSolution
		SolutionGuid = {0799B6B9-3E42-4262-9A76-42F401229A13}
	EndGlobalSection
EndGlobal
